
Microsoft Visual Studio Solution File, Format Version 12.00
# Visual Studio Version 16
VisualStudioVersion = 16.0.30002.166
MinimumVisualStudioVersion = 10.0.40219.1
Project("{FAE04EC0-301F-11D3-BF4B-00C04F79EFBC}") = "Api.Presentation", "Api.Presentation\Api.Presentation.csproj", "{B9816567-B271-423C-9353-2D581CBCD755}"
EndProject
Project("{FAE04EC0-301F-11D3-BF4B-00C04F79EFBC}") = "Api.Common", "Api.Common\Api.Common.csproj", "{720EC6A9-F5C3-4707-924F-ACD44D4B75D4}"
EndProject
Project("{2150E333-8FDC-42A3-9474-1A3956D46DE8}") = "Src", "Src", "{866B039C-8126-4EDB-9523-53EEABCCA672}"
EndProject
Project("{2150E333-8FDC-42A3-9474-1A3956D46DE8}") = "Common", "Common", "{B14AED68-CB3B-47EC-8BCC-D0D938BCA170}"
EndProject
Project("{2150E333-8FDC-42A3-9474-1A3956D46DE8}") = "Layers", "Layers", "{63819155-0150-4C26-96D6-02C7F055FC6E}"
EndProject
Project("{2150E333-8FDC-42A3-9474-1A3956D46DE8}") = "1. Infrastructure", "1. Infrastructure", "{1AB0D7C1-D45B-446D-AF70-A3A18326D886}"
EndProject
Project("{2150E333-8FDC-42A3-9474-1A3956D46DE8}") = "2. Domain", "2. Domain", "{9E6DE5A4-8989-4219-8818-805CDE8F5EC4}"
EndProject
Project("{2150E333-8FDC-42A3-9474-1A3956D46DE8}") = "3. Presentation", "3. Presentation", "{5F9A83C8-CEE6-4A6F-90B1-C16CB51990EF}"
EndProject
Project("{FAE04EC0-301F-11D3-BF4B-00C04F79EFBC}") = "Api.Domain", "Api.Domain\Api.Domain.csproj", "{73D17453-02FC-4CDE-9A26-B865E4EC2BF6}"
EndProject
Project("{FAE04EC0-301F-11D3-BF4B-00C04F79EFBC}") = "Api.Repository", "Api.Repository\Api.Repository.csproj", "{6A5AEC44-6E63-455C-888D-7474F4A53748}"
EndProject
Project("{FAE04EC0-301F-11D3-BF4B-00C04F79EFBC}") = "Api.Database", "Api.Database\Api.Database.csproj", "{08A694DD-4E8D-4FC2-8A18-F3A1F8982DFE}"
EndProject
Global
	GlobalSection(SolutionConfigurationPlatforms) = preSolution
		Debug|Any CPU = Debug|Any CPU
		Release|Any CPU = Release|Any CPU
	EndGlobalSection
	GlobalSection(ProjectConfigurationPlatforms) = postSolution
		{B9816567-B271-423C-9353-2D581CBCD755}.Debug|Any CPU.ActiveCfg = Debug|Any CPU
		{B9816567-B271-423C-9353-2D581CBCD755}.Debug|Any CPU.Build.0 = Debug|Any CPU
		{B9816567-B271-423C-9353-2D581CBCD755}.Release|Any CPU.ActiveCfg = Release|Any CPU
		{B9816567-B271-423C-9353-2D581CBCD755}.Release|Any CPU.Build.0 = Release|Any CPU
		{720EC6A9-F5C3-4707-924F-ACD44D4B75D4}.Debug|Any CPU.ActiveCfg = Debug|Any CPU
		{720EC6A9-F5C3-4707-924F-ACD44D4B75D4}.Debug|Any CPU.Build.0 = Debug|Any CPU
		{720EC6A9-F5C3-4707-924F-ACD44D4B75D4}.Release|Any CPU.ActiveCfg = Release|Any CPU
		{720EC6A9-F5C3-4707-924F-ACD44D4B75D4}.Release|Any CPU.Build.0 = Release|Any CPU
		{73D17453-02FC-4CDE-9A26-B865E4EC2BF6}.Debug|Any CPU.ActiveCfg = Debug|Any CPU
		{73D17453-02FC-4CDE-9A26-B865E4EC2BF6}.Debug|Any CPU.Build.0 = Debug|Any CPU
		{73D17453-02FC-4CDE-9A26-B865E4EC2BF6}.Release|Any CPU.ActiveCfg = Release|Any CPU
		{73D17453-02FC-4CDE-9A26-B865E4EC2BF6}.Release|Any CPU.Build.0 = Release|Any CPU
		{6A5AEC44-6E63-455C-888D-7474F4A53748}.Debug|Any CPU.ActiveCfg = Debug|Any CPU
		{6A5AEC44-6E63-455C-888D-7474F4A53748}.Debug|Any CPU.Build.0 = Debug|Any CPU
		{6A5AEC44-6E63-455C-888D-7474F4A53748}.Release|Any CPU.ActiveCfg = Release|Any CPU
		{6A5AEC44-6E63-455C-888D-7474F4A53748}.Release|Any CPU.Build.0 = Release|Any CPU
		{08A694DD-4E8D-4FC2-8A18-F3A1F8982DFE}.Debug|Any CPU.ActiveCfg = Debug|Any CPU
		{08A694DD-4E8D-4FC2-8A18-F3A1F8982DFE}.Debug|Any CPU.Build.0 = Debug|Any CPU
		{08A694DD-4E8D-4FC2-8A18-F3A1F8982DFE}.Release|Any CPU.ActiveCfg = Release|Any CPU
		{08A694DD-4E8D-4FC2-8A18-F3A1F8982DFE}.Release|Any CPU.Build.0 = Release|Any CPU
	EndGlobalSection
	GlobalSection(SolutionProperties) = preSolution
		HideSolutionNode = FALSE
	EndGlobalSection
	GlobalSection(NestedProjects) = preSolution
		{B9816567-B271-423C-9353-2D581CBCD755} = {5F9A83C8-CEE6-4A6F-90B1-C16CB51990EF}
		{720EC6A9-F5C3-4707-924F-ACD44D4B75D4} = {B14AED68-CB3B-47EC-8BCC-D0D938BCA170}
		{B14AED68-CB3B-47EC-8BCC-D0D938BCA170} = {866B039C-8126-4EDB-9523-53EEABCCA672}
		{63819155-0150-4C26-96D6-02C7F055FC6E} = {866B039C-8126-4EDB-9523-53EEABCCA672}
		{1AB0D7C1-D45B-446D-AF70-A3A18326D886} = {63819155-0150-4C26-96D6-02C7F055FC6E}
		{9E6DE5A4-8989-4219-8818-805CDE8F5EC4} = {63819155-0150-4C26-96D6-02C7F055FC6E}
		{5F9A83C8-CEE6-4A6F-90B1-C16CB51990EF} = {63819155-0150-4C26-96D6-02C7F055FC6E}
		{73D17453-02FC-4CDE-9A26-B865E4EC2BF6} = {9E6DE5A4-8989-4219-8818-805CDE8F5EC4}
		{6A5AEC44-6E63-455C-888D-7474F4A53748} = {1AB0D7C1-D45B-446D-AF70-A3A18326D886}
		{08A694DD-4E8D-4FC2-8A18-F3A1F8982DFE} = {1AB0D7C1-D45B-446D-AF70-A3A18326D886}
	EndGlobalSection
	GlobalSection(ExtensibilityGlobals) = postSolution
		SolutionGuid = {D47727E9-C1DF-4CEE-A25B-0849E260870D}
	EndGlobalSection
EndGlobal
